
Microsoft Visual Studio Solution File, Format Version 12.00
# Visual Studio Version 16
VisualStudioVersion = 16.0.31729.503
MinimumVisualStudioVersion = 10.0.40219.1
Project("{FAE04EC0-301F-11D3-BF4B-00C04F79EFBC}") = "VTDGP-uygulama", "VTDGP-uygulama\VTDGP-uygulama.csproj", "{745414CA-7011-4C16-A2F2-61C7144A60AA}"
EndProject
Global
	GlobalSection(SolutionConfigurationPlatforms) = preSolution
		Debug|Any CPU = Debug|Any CPU
		Release|Any CPU = Release|Any CPU
	EndGlobalSection
	GlobalSection(ProjectConfigurationPlatforms) = postSolution
		{745414CA-7011-4C16-A2F2-61C7144A60AA}.Debug|Any CPU.ActiveCfg = Debug|Any CPU
		{745414CA-7011-4C16-A2F2-61C7144A60AA}.Debug|Any CPU.Build.0 = Debug|Any CPU
		{745414CA-7011-4C16-A2F2-61C7144A60AA}.Release|Any CPU.ActiveCfg = Release|Any CPU
		{745414CA-7011-4C16-A2F2-61C7144A60AA}.Release|Any CPU.Build.0 = Release|Any CPU
	EndGlobalSection
	GlobalSection(SolutionProperties) = preSolution
		HideSolutionNode = FALSE
	EndGlobalSection
	GlobalSection(ExtensibilityGlobals) = postSolution
		SolutionGuid = {03078380-BF5E-4792-A280-A53621DFDAE2}
	EndGlobalSection
EndGlobal
